
Microsoft Visual Studio Solution File, Format Version 12.00
# Visual Studio 15
VisualStudioVersion = 15.0.27703.2042
MinimumVisualStudioVersion = 10.0.40219.1
Project("{8BC9CEB8-8B4A-11D0-8D11-00A0C91BC942}") = "nullptr", "nullptr\nullptr.vcxproj", "{3EAA75CF-4D82-4F7B-A3C8-F00B75411E10}"
EndProject
Project("{8BC9CEB8-8B4A-11D0-8D11-00A0C91BC942}") = "constexpr", "constexpr\constexpr.vcxproj", "{2E61C107-D0F2-4B37-9CEA-B71507B397AD}"
EndProject
Project("{8BC9CEB8-8B4A-11D0-8D11-00A0C91BC942}") = "变量声明增强", "变量声明增强\变量声明增强.vcxproj", "{C35E5584-1C7E-4D0F-A8C3-0850F55DCFD7}"
EndProject
Project("{8BC9CEB8-8B4A-11D0-8D11-00A0C91BC942}") = "初始化列表", "初始化列表\初始化列表.vcxproj", "{973432F8-162C-47A7-8B24-7ED9BC5A7C62}"
EndProject
Project("{8BC9CEB8-8B4A-11D0-8D11-00A0C91BC942}") = "结构化绑定", "结构化绑定\结构化绑定.vcxproj", "{12BDC6D5-AA07-43E7-95EA-13CB05A91CA4}"
EndProject
Project("{8BC9CEB8-8B4A-11D0-8D11-00A0C91BC942}") = "类型推导", "类型推导\类型推导.vcxproj", "{E70BEA65-9BF8-4DD8-85E9-C2F5A87CBF10}"
EndProject
Project("{8BC9CEB8-8B4A-11D0-8D11-00A0C91BC942}") = "控制流", "控制流\控制流.vcxproj", "{6B21E8DE-BC18-4B96-AA56-A86F85AC67E8}"
EndProject
Project("{8BC9CEB8-8B4A-11D0-8D11-00A0C91BC942}") = "模板", "模板\模板.vcxproj", "{ADBCCE7F-C129-48BE-882E-93ACFCBB1BE4}"
EndProject
Project("{8BC9CEB8-8B4A-11D0-8D11-00A0C91BC942}") = "lambda表达式", "lambda表达式\lambda表达式.vcxproj", "{00C7C850-4FCE-4202-8149-0A34CBBF19E7}"
EndProject
Project("{8BC9CEB8-8B4A-11D0-8D11-00A0C91BC942}") = "面向对象", "面向对象\面向对象.vcxproj", "{7A2EF3EC-EA2C-4C53-AD60-85875723B787}"
EndProject
Project("{8BC9CEB8-8B4A-11D0-8D11-00A0C91BC942}") = "函数容器", "函数对象包装器\函数对象包装器.vcxproj", "{40031220-7265-459C-BD6C-E6B164020819}"
EndProject
Project("{8BC9CEB8-8B4A-11D0-8D11-00A0C91BC942}") = "右值引用", "右值引用\右值引用.vcxproj", "{D35211AE-A055-4991-83D3-4793A07F2781}"
EndProject
Project("{8BC9CEB8-8B4A-11D0-8D11-00A0C91BC942}") = "array容器", "array容器\array容器.vcxproj", "{F12E5D61-6CAD-4A9E-A310-0A6AD335DDFA}"
EndProject
Global
	GlobalSection(SolutionConfigurationPlatforms) = preSolution
		Debug|x64 = Debug|x64
		Debug|x86 = Debug|x86
		Release|x64 = Release|x64
		Release|x86 = Release|x86
	EndGlobalSection
	GlobalSection(ProjectConfigurationPlatforms) = postSolution
		{3EAA75CF-4D82-4F7B-A3C8-F00B75411E10}.Debug|x64.ActiveCfg = Debug|x64
		{3EAA75CF-4D82-4F7B-A3C8-F00B75411E10}.Debug|x64.Build.0 = Debug|x64
		{3EAA75CF-4D82-4F7B-A3C8-F00B75411E10}.Debug|x86.ActiveCfg = Debug|Win32
		{3EAA75CF-4D82-4F7B-A3C8-F00B75411E10}.Debug|x86.Build.0 = Debug|Win32
		{3EAA75CF-4D82-4F7B-A3C8-F00B75411E10}.Release|x64.ActiveCfg = Release|x64
		{3EAA75CF-4D82-4F7B-A3C8-F00B75411E10}.Release|x64.Build.0 = Release|x64
		{3EAA75CF-4D82-4F7B-A3C8-F00B75411E10}.Release|x86.ActiveCfg = Release|Win32
		{3EAA75CF-4D82-4F7B-A3C8-F00B75411E10}.Release|x86.Build.0 = Release|Win32
		{2E61C107-D0F2-4B37-9CEA-B71507B397AD}.Debug|x64.ActiveCfg = Debug|x64
		{2E61C107-D0F2-4B37-9CEA-B71507B397AD}.Debug|x64.Build.0 = Debug|x64
		{2E61C107-D0F2-4B37-9CEA-B71507B397AD}.Debug|x86.ActiveCfg = Debug|Win32
		{2E61C107-D0F2-4B37-9CEA-B71507B397AD}.Debug|x86.Build.0 = Debug|Win32
		{2E61C107-D0F2-4B37-9CEA-B71507B397AD}.Release|x64.ActiveCfg = Release|x64
		{2E61C107-D0F2-4B37-9CEA-B71507B397AD}.Release|x64.Build.0 = Release|x64
		{2E61C107-D0F2-4B37-9CEA-B71507B397AD}.Release|x86.ActiveCfg = Release|Win32
		{2E61C107-D0F2-4B37-9CEA-B71507B397AD}.Release|x86.Build.0 = Release|Win32
		{C35E5584-1C7E-4D0F-A8C3-0850F55DCFD7}.Debug|x64.ActiveCfg = Debug|x64
		{C35E5584-1C7E-4D0F-A8C3-0850F55DCFD7}.Debug|x64.Build.0 = Debug|x64
		{C35E5584-1C7E-4D0F-A8C3-0850F55DCFD7}.Debug|x86.ActiveCfg = Debug|Win32
		{C35E5584-1C7E-4D0F-A8C3-0850F55DCFD7}.Debug|x86.Build.0 = Debug|Win32
		{C35E5584-1C7E-4D0F-A8C3-0850F55DCFD7}.Release|x64.ActiveCfg = Release|x64
		{C35E5584-1C7E-4D0F-A8C3-0850F55DCFD7}.Release|x64.Build.0 = Release|x64
		{C35E5584-1C7E-4D0F-A8C3-0850F55DCFD7}.Release|x86.ActiveCfg = Release|Win32
		{C35E5584-1C7E-4D0F-A8C3-0850F55DCFD7}.Release|x86.Build.0 = Release|Win32
		{973432F8-162C-47A7-8B24-7ED9BC5A7C62}.Debug|x64.ActiveCfg = Debug|x64
		{973432F8-162C-47A7-8B24-7ED9BC5A7C62}.Debug|x64.Build.0 = Debug|x64
		{973432F8-162C-47A7-8B24-7ED9BC5A7C62}.Debug|x86.ActiveCfg = Debug|Win32
		{973432F8-162C-47A7-8B24-7ED9BC5A7C62}.Debug|x86.Build.0 = Debug|Win32
		{973432F8-162C-47A7-8B24-7ED9BC5A7C62}.Release|x64.ActiveCfg = Release|x64
		{973432F8-162C-47A7-8B24-7ED9BC5A7C62}.Release|x64.Build.0 = Release|x64
		{973432F8-162C-47A7-8B24-7ED9BC5A7C62}.Release|x86.ActiveCfg = Release|Win32
		{973432F8-162C-47A7-8B24-7ED9BC5A7C62}.Release|x86.Build.0 = Release|Win32
		{12BDC6D5-AA07-43E7-95EA-13CB05A91CA4}.Debug|x64.ActiveCfg = Debug|x64
		{12BDC6D5-AA07-43E7-95EA-13CB05A91CA4}.Debug|x64.Build.0 = Debug|x64
		{12BDC6D5-AA07-43E7-95EA-13CB05A91CA4}.Debug|x86.ActiveCfg = Debug|Win32
		{12BDC6D5-AA07-43E7-95EA-13CB05A91CA4}.Debug|x86.Build.0 = Debug|Win32
		{12BDC6D5-AA07-43E7-95EA-13CB05A91CA4}.Release|x64.ActiveCfg = Release|x64
		{12BDC6D5-AA07-43E7-95EA-13CB05A91CA4}.Release|x64.Build.0 = Release|x64
		{12BDC6D5-AA07-43E7-95EA-13CB05A91CA4}.Release|x86.ActiveCfg = Release|Win32
		{12BDC6D5-AA07-43E7-95EA-13CB05A91CA4}.Release|x86.Build.0 = Release|Win32
		{E70BEA65-9BF8-4DD8-85E9-C2F5A87CBF10}.Debug|x64.ActiveCfg = Debug|x64
		{E70BEA65-9BF8-4DD8-85E9-C2F5A87CBF10}.Debug|x64.Build.0 = Debug|x64
		{E70BEA65-9BF8-4DD8-85E9-C2F5A87CBF10}.Debug|x86.ActiveCfg = Debug|Win32
		{E70BEA65-9BF8-4DD8-85E9-C2F5A87CBF10}.Debug|x86.Build.0 = Debug|Win32
		{E70BEA65-9BF8-4DD8-85E9-C2F5A87CBF10}.Release|x64.ActiveCfg = Release|x64
		{E70BEA65-9BF8-4DD8-85E9-C2F5A87CBF10}.Release|x64.Build.0 = Release|x64
		{E70BEA65-9BF8-4DD8-85E9-C2F5A87CBF10}.Release|x86.ActiveCfg = Release|Win32
		{E70BEA65-9BF8-4DD8-85E9-C2F5A87CBF10}.Release|x86.Build.0 = Release|Win32
		{6B21E8DE-BC18-4B96-AA56-A86F85AC67E8}.Debug|x64.ActiveCfg = Debug|x64
		{6B21E8DE-BC18-4B96-AA56-A86F85AC67E8}.Debug|x64.Build.0 = Debug|x64
		{6B21E8DE-BC18-4B96-AA56-A86F85AC67E8}.Debug|x86.ActiveCfg = Debug|Win32
		{6B21E8DE-BC18-4B96-AA56-A86F85AC67E8}.Debug|x86.Build.0 = Debug|Win32
		{6B21E8DE-BC18-4B96-AA56-A86F85AC67E8}.Release|x64.ActiveCfg = Release|x64
		{6B21E8DE-BC18-4B96-AA56-A86F85AC67E8}.Release|x64.Build.0 = Release|x64
		{6B21E8DE-BC18-4B96-AA56-A86F85AC67E8}.Release|x86.ActiveCfg = Release|Win32
		{6B21E8DE-BC18-4B96-AA56-A86F85AC67E8}.Release|x86.Build.0 = Release|Win32
		{ADBCCE7F-C129-48BE-882E-93ACFCBB1BE4}.Debug|x64.ActiveCfg = Debug|x64
		{ADBCCE7F-C129-48BE-882E-93ACFCBB1BE4}.Debug|x64.Build.0 = Debug|x64
		{ADBCCE7F-C129-48BE-882E-93ACFCBB1BE4}.Debug|x86.ActiveCfg = Debug|Win32
		{ADBCCE7F-C129-48BE-882E-93ACFCBB1BE4}.Debug|x86.Build.0 = Debug|Win32
		{ADBCCE7F-C129-48BE-882E-93ACFCBB1BE4}.Release|x64.ActiveCfg = Release|x64
		{ADBCCE7F-C129-48BE-882E-93ACFCBB1BE4}.Release|x64.Build.0 = Release|x64
		{ADBCCE7F-C129-48BE-882E-93ACFCBB1BE4}.Release|x86.ActiveCfg = Release|Win32
		{ADBCCE7F-C129-48BE-882E-93ACFCBB1BE4}.Release|x86.Build.0 = Release|Win32
		{00C7C850-4FCE-4202-8149-0A34CBBF19E7}.Debug|x64.ActiveCfg = Debug|x64
		{00C7C850-4FCE-4202-8149-0A34CBBF19E7}.Debug|x64.Build.0 = Debug|x64
		{00C7C850-4FCE-4202-8149-0A34CBBF19E7}.Debug|x86.ActiveCfg = Debug|Win32
		{00C7C850-4FCE-4202-8149-0A34CBBF19E7}.Debug|x86.Build.0 = Debug|Win32
		{00C7C850-4FCE-4202-8149-0A34CBBF19E7}.Release|x64.ActiveCfg = Release|x64
		{00C7C850-4FCE-4202-8149-0A34CBBF19E7}.Release|x64.Build.0 = Release|x64
		{00C7C850-4FCE-4202-8149-0A34CBBF19E7}.Release|x86.ActiveCfg = Release|Win32
		{00C7C850-4FCE-4202-8149-0A34CBBF19E7}.Release|x86.Build.0 = Release|Win32
		{7A2EF3EC-EA2C-4C53-AD60-85875723B787}.Debug|x64.ActiveCfg = Debug|x64
		{7A2EF3EC-EA2C-4C53-AD60-85875723B787}.Debug|x64.Build.0 = Debug|x64
		{7A2EF3EC-EA2C-4C53-AD60-85875723B787}.Debug|x86.ActiveCfg = Debug|Win32
		{7A2EF3EC-EA2C-4C53-AD60-85875723B787}.Debug|x86.Build.0 = Debug|Win32
		{7A2EF3EC-EA2C-4C53-AD60-85875723B787}.Release|x64.ActiveCfg = Release|x64
		{7A2EF3EC-EA2C-4C53-AD60-85875723B787}.Release|x64.Build.0 = Release|x64
		{7A2EF3EC-EA2C-4C53-AD60-85875723B787}.Release|x86.ActiveCfg = Release|Win32
		{7A2EF3EC-EA2C-4C53-AD60-85875723B787}.Release|x86.Build.0 = Release|Win32
		{40031220-7265-459C-BD6C-E6B164020819}.Debug|x64.ActiveCfg = Debug|x64
		{40031220-7265-459C-BD6C-E6B164020819}.Debug|x64.Build.0 = Debug|x64
		{40031220-7265-459C-BD6C-E6B164020819}.Debug|x86.ActiveCfg = Debug|Win32
		{40031220-7265-459C-BD6C-E6B164020819}.Debug|x86.Build.0 = Debug|Win32
		{40031220-7265-459C-BD6C-E6B164020819}.Release|x64.ActiveCfg = Release|x64
		{40031220-7265-459C-BD6C-E6B164020819}.Release|x64.Build.0 = Release|x64
		{40031220-7265-459C-BD6C-E6B164020819}.Release|x86.ActiveCfg = Release|Win32
		{40031220-7265-459C-BD6C-E6B164020819}.Release|x86.Build.0 = Release|Win32
		{D35211AE-A055-4991-83D3-4793A07F2781}.Debug|x64.ActiveCfg = Debug|x64
		{D35211AE-A055-4991-83D3-4793A07F2781}.Debug|x64.Build.0 = Debug|x64
		{D35211AE-A055-4991-83D3-4793A07F2781}.Debug|x86.ActiveCfg = Debug|Win32
		{D35211AE-A055-4991-83D3-4793A07F2781}.Debug|x86.Build.0 = Debug|Win32
		{D35211AE-A055-4991-83D3-4793A07F2781}.Release|x64.ActiveCfg = Release|x64
		{D35211AE-A055-4991-83D3-4793A07F2781}.Release|x64.Build.0 = Release|x64
		{D35211AE-A055-4991-83D3-4793A07F2781}.Release|x86.ActiveCfg = Release|Win32
		{D35211AE-A055-4991-83D3-4793A07F2781}.Release|x86.Build.0 = Release|Win32
		{F12E5D61-6CAD-4A9E-A310-0A6AD335DDFA}.Debug|x64.ActiveCfg = Debug|x64
		{F12E5D61-6CAD-4A9E-A310-0A6AD335DDFA}.Debug|x64.Build.0 = Debug|x64
		{F12E5D61-6CAD-4A9E-A310-0A6AD335DDFA}.Debug|x86.ActiveCfg = Debug|Win32
		{F12E5D61-6CAD-4A9E-A310-0A6AD335DDFA}.Debug|x86.Build.0 = Debug|Win32
		{F12E5D61-6CAD-4A9E-A310-0A6AD335DDFA}.Release|x64.ActiveCfg = Release|x64
		{F12E5D61-6CAD-4A9E-A310-0A6AD335DDFA}.Release|x64.Build.0 = Release|x64
		{F12E5D61-6CAD-4A9E-A310-0A6AD335DDFA}.Release|x86.ActiveCfg = Release|Win32
		{F12E5D61-6CAD-4A9E-A310-0A6AD335DDFA}.Release|x86.Build.0 = Release|Win32
	EndGlobalSection
	GlobalSection(SolutionProperties) = preSolution
		HideSolutionNode = FALSE
	EndGlobalSection
	GlobalSection(ExtensibilityGlobals) = postSolution
		SolutionGuid = {9BDF4AB4-878B-4A04-9B27-8DCFAE9270D1}
	EndGlobalSection
EndGlobal
